
Microsoft Visual Studio Solution File, Format Version 12.00
# Visual Studio Version 17
VisualStudioVersion = 17.1.32228.430
MinimumVisualStudioVersion = 10.0.40219.1
Project("{9A19103F-16F7-4668-BE54-9A1E7A4F7556}") = "Exercise1", "Exercise1\Exercise1.csproj", "{C7D0FAE5-3980-445F-9E56-F718AC583103}"
EndProject
Project("{9A19103F-16F7-4668-BE54-9A1E7A4F7556}") = "Exercise2", "Exercise2\Exercise2.csproj", "{BF8EE45C-EF29-400F-B96A-2E0E2DBCC39F}"
EndProject
Project("{FAE04EC0-301F-11D3-BF4B-00C04F79EFBC}") = "Exercise5", "Exercise5\Exercise5.csproj", "{B7385BC0-EAA7-4C8F-BFB0-35F3DF026870}"
EndProject
Project("{FAE04EC0-301F-11D3-BF4B-00C04F79EFBC}") = "Exercise6", "Exercise6\Exercise6.csproj", "{9539CFEF-8976-4A5A-B375-CA84CFDA6F5C}"
EndProject
Project("{FAE04EC0-301F-11D3-BF4B-00C04F79EFBC}") = "Exercise8", "Exercise8\Exercise8.csproj", "{AE09D6D7-9D94-4B53-BF4A-B75609FA1420}"
EndProject
Global
	GlobalSection(SolutionConfigurationPlatforms) = preSolution
		Debug|Any CPU = Debug|Any CPU
		Release|Any CPU = Release|Any CPU
	EndGlobalSection
	GlobalSection(ProjectConfigurationPlatforms) = postSolution
		{C7D0FAE5-3980-445F-9E56-F718AC583103}.Debug|Any CPU.ActiveCfg = Debug|Any CPU
		{C7D0FAE5-3980-445F-9E56-F718AC583103}.Debug|Any CPU.Build.0 = Debug|Any CPU
		{C7D0FAE5-3980-445F-9E56-F718AC583103}.Release|Any CPU.ActiveCfg = Release|Any CPU
		{C7D0FAE5-3980-445F-9E56-F718AC583103}.Release|Any CPU.Build.0 = Release|Any CPU
		{BF8EE45C-EF29-400F-B96A-2E0E2DBCC39F}.Debug|Any CPU.ActiveCfg = Debug|Any CPU
		{BF8EE45C-EF29-400F-B96A-2E0E2DBCC39F}.Debug|Any CPU.Build.0 = Debug|Any CPU
		{BF8EE45C-EF29-400F-B96A-2E0E2DBCC39F}.Release|Any CPU.ActiveCfg = Release|Any CPU
		{BF8EE45C-EF29-400F-B96A-2E0E2DBCC39F}.Release|Any CPU.Build.0 = Release|Any CPU
		{B7385BC0-EAA7-4C8F-BFB0-35F3DF026870}.Debug|Any CPU.ActiveCfg = Debug|Any CPU
		{B7385BC0-EAA7-4C8F-BFB0-35F3DF026870}.Debug|Any CPU.Build.0 = Debug|Any CPU
		{B7385BC0-EAA7-4C8F-BFB0-35F3DF026870}.Release|Any CPU.ActiveCfg = Release|Any CPU
		{B7385BC0-EAA7-4C8F-BFB0-35F3DF026870}.Release|Any CPU.Build.0 = Release|Any CPU
		{9539CFEF-8976-4A5A-B375-CA84CFDA6F5C}.Debug|Any CPU.ActiveCfg = Debug|Any CPU
		{9539CFEF-8976-4A5A-B375-CA84CFDA6F5C}.Debug|Any CPU.Build.0 = Debug|Any CPU
		{9539CFEF-8976-4A5A-B375-CA84CFDA6F5C}.Release|Any CPU.ActiveCfg = Release|Any CPU
		{9539CFEF-8976-4A5A-B375-CA84CFDA6F5C}.Release|Any CPU.Build.0 = Release|Any CPU
		{AE09D6D7-9D94-4B53-BF4A-B75609FA1420}.Debug|Any CPU.ActiveCfg = Debug|Any CPU
		{AE09D6D7-9D94-4B53-BF4A-B75609FA1420}.Debug|Any CPU.Build.0 = Debug|Any CPU
		{AE09D6D7-9D94-4B53-BF4A-B75609FA1420}.Release|Any CPU.ActiveCfg = Release|Any CPU
		{AE09D6D7-9D94-4B53-BF4A-B75609FA1420}.Release|Any CPU.Build.0 = Release|Any CPU
	EndGlobalSection
	GlobalSection(SolutionProperties) = preSolution
		HideSolutionNode = FALSE
	EndGlobalSection
	GlobalSection(ExtensibilityGlobals) = postSolution
		SolutionGuid = {0BA05CA4-917B-4915-9EE6-AD5B270E46CD}
	EndGlobalSection
EndGlobal
